lockfileVersion: '9.0'

settings:
  autoInstallPeers: true
  excludeLinksFromLockfile: false

importers:

  .:
    dependencies:
      zod:
        specifier: ^4.0.0
        version: 4.3.6
    devDependencies:
      '@biomejs/biome':
        specifier: ^2.4.9
        version: 2.4.9
      '@cloudflare/workers-types':
        specifier: ^4.20260402.1
        version: 4.20260402.1
      hono:
        specifier: ^4.12.9
        version: 4.12.9
      nanoid:
        specifier: ^5.1.6
        version: 5.1.6
      typescript:
        specifier: ^6.0.2
        version: 6.0.2

packages:

  '@biomejs/biome@2.4.9':
    resolution: {integrity: sha512-wvZW92FrwitTcacvCBT8xdAbfbxWfDLwjYMmU3djjqQTh7Ni4ZdiWIT/x5VcZ+RQuxiKzIOzi5D+dcyJDFZMsA==}
    engines: {node: '>=14.21.3'}
    hasBin: true

  '@biomejs/cli-darwin-arm64@2.4.9':
    resolution: {integrity: sha512-d5G8Gf2RpH5pYwiHLPA+UpG3G9TLQu4WM+VK6sfL7K68AmhcEQ9r+nkj/DvR/GYhYox6twsHUtmWWWIKfcfQQA==}
    engines: {node: '>=14.21.3'}
    cpu: [arm64]
    os: [darwin]

  '@biomejs/cli-darwin-x64@2.4.9':
    resolution: {integrity: sha512-LNCLNgqDMG7BLdc3a8aY/dwKPK7+R8/JXJoXjCvZh2gx8KseqBdFDKbhrr7HCWF8SzNhbTaALhTBoh/I6rf9lA==}
    engines: {node: '>=14.21.3'}
    cpu: [x64]
    os: [darwin]

  '@biomejs/cli-linux-arm64-musl@2.4.9':
    resolution: {integrity: sha512-8RCww5xnPn2wpK4L/QDGDOW0dq80uVWfppPxHIUg6mOs9B6gRmqPp32h1Ls3T8GnW8Wo5A8u7vpTwz4fExN+sw==}
    engines: {node: '>=14.21.3'}
    cpu: [arm64]
    os: [linux]

  '@biomejs/cli-linux-arm64@2.4.9':
    resolution: {integrity: sha512-4adnkAUi6K4C/emPRgYznMOcLlUqZdXWM6aIui4VP4LraE764g6Q4YguygnAUoxKjKIXIWPteKMgRbN0wsgwcg==}
    engines: {node: '>=14.21.3'}
    cpu: [arm64]
    os: [linux]

  '@biomejs/cli-linux-x64-musl@2.4.9':
    resolution: {integrity: sha512-5TD+WS9v5vzXKzjetF0hgoaNFHMcpQeBUwKKVi3JbG1e9UCrFuUK3Gt185fyTzvRdwYkJJEMqglRPjmesmVv4A==}
    engines: {node: '>=14.21.3'}
    cpu: [x64]
    os: [linux]

  '@biomejs/cli-linux-x64@2.4.9':
    resolution: {integrity: sha512-L10na7POF0Ks/cgLFNF1ZvIe+X4onLkTi5oP9hY+Rh60Q+7fWzKDDCeGyiHUFf1nGIa9dQOOUPGe2MyYg8nMSQ==}
    engines: {node: '>=14.21.3'}
    cpu: [x64]
    os: [linux]

  '@biomejs/cli-win32-arm64@2.4.9':
    resolution: {integrity: sha512-aDZr0RBC3sMGJOU10BvG7eZIlWLK/i51HRIfScE2lVhfts2dQTreowLiJJd+UYg/tHKxS470IbzpuKmd0MiD6g==}
    engines: {node: '>=14.21.3'}
    cpu: [arm64]
    os: [win32]

  '@biomejs/cli-win32-x64@2.4.9':
    resolution: {integrity: sha512-NS4g/2G9SoQ4ktKtz31pvyc/rmgzlcIDCGU/zWbmHJAqx6gcRj2gj5Q/guXhoWTzCUaQZDIqiCQXHS7BcGYc0w==}
    engines: {node: '>=14.21.3'}
    cpu: [x64]
    os: [win32]

  '@cloudflare/workers-types@4.20260402.1':
    resolution: {integrity: sha512-+oJ6FmNNYqct9yq2o1K98dIw8Pf1SF8qcs2mjyra40tK3PblB6Gqp890Ndmgj8stXwtJ9dAgSbO8i9tVHKwQyQ==}

  hono@4.12.9:
    resolution: {integrity: sha512-wy3T8Zm2bsEvxKZM5w21VdHDDcwVS1yUFFY6i8UobSsKfFceT7TOwhbhfKsDyx7tYQlmRM5FLpIuYvNFyjctiA==}
    engines: {node: '>=16.9.0'}

  nanoid@5.1.6:
    resolution: {integrity: sha512-c7+7RQ+dMB5dPwwCp4ee1/iV/q2P6aK1mTZcfr1BTuVlyW9hJYiMPybJCcnBlQtuSmTIWNeazm/zqNoZSSElBg==}
    engines: {node: ^18 || >=20}
    hasBin: true

  typescript@6.0.2:
    resolution: {integrity: sha512-bGdAIrZ0wiGDo5l8c++HWtbaNCWTS4UTv7RaTH/ThVIgjkveJt83m74bBHMJkuCbslY8ixgLBVZJIOiQlQTjfQ==}
    engines: {node: '>=14.17'}
    hasBin: true

  zod@4.3.6:
    resolution: {integrity: sha512-rftlrkhHZOcjDwkGlnUtZZkvaPHCsDATp4pGpuOOMDaTdDDXF91wuVDJoWoPsKX/3YPQ5fHuF3STjcYyKr+Qhg==}

snapshots:

  '@biomejs/biome@2.4.9':
    optionalDependencies:
      '@biomejs/cli-darwin-arm64': 2.4.9
      '@biomejs/cli-darwin-x64': 2.4.9
      '@biomejs/cli-linux-arm64': 2.4.9
      '@biomejs/cli-linux-arm64-musl': 2.4.9
      '@biomejs/cli-linux-x64': 2.4.9
      '@biomejs/cli-linux-x64-musl': 2.4.9
      '@biomejs/cli-win32-arm64': 2.4.9
      '@biomejs/cli-win32-x64': 2.4.9

  '@biomejs/cli-darwin-arm64@2.4.9':
    optional: true

  '@biomejs/cli-darwin-x64@2.4.9':
    optional: true

  '@biomejs/cli-linux-arm64-musl@2.4.9':
    optional: true

  '@biomejs/cli-linux-arm64@2.4.9':
    optional: true

  '@biomejs/cli-linux-x64-musl@2.4.9':
    optional: true

  '@biomejs/cli-linux-x64@2.4.9':
    optional: true

  '@biomejs/cli-win32-arm64@2.4.9':
    optional: true

  '@biomejs/cli-win32-x64@2.4.9':
    optional: true

  '@cloudflare/workers-types@4.20260402.1': {}

  hono@4.12.9: {}

  nanoid@5.1.6: {}

  typescript@6.0.2: {}

  zod@4.3.6: {}
